
Microsoft Visual Studio Solution File, Format Version 12.00
# Visual Studio Version 17
VisualStudioVersion = 17.2.32630.192
MinimumVisualStudioVersion = 10.0.40219.1
Project("{FAE04EC0-301F-11D3-BF4B-00C04F79EFBC}") = "MoodAnalyserUnitTests", "MoodAnalyserUnitTests.csproj", "{BDE68A41-1533-4687-A9B6-E369CA76BF02}"
EndProject
Project("{FAE04EC0-301F-11D3-BF4B-00C04F79EFBC}") = "TestMoodAnalyser", "..\TestMoodAnalyser\TestMoodAnalyser.csproj", "{A2F761BD-835A-412C-946A-DCCB26630A05}"
EndProject
Global
	GlobalSection(SolutionConfigurationPlatforms) = preSolution
		Debug|Any CPU = Debug|Any CPU
		Release|Any CPU = Release|Any CPU
	EndGlobalSection
	GlobalSection(ProjectConfigurationPlatforms) = postSolution
		{BDE68A41-1533-4687-A9B6-E369CA76BF02}.Debug|Any CPU.ActiveCfg = Debug|Any CPU
		{BDE68A41-1533-4687-A9B6-E369CA76BF02}.Debug|Any CPU.Build.0 = Debug|Any CPU
		{BDE68A41-1533-4687-A9B6-E369CA76BF02}.Release|Any CPU.ActiveCfg = Release|Any CPU
		{BDE68A41-1533-4687-A9B6-E369CA76BF02}.Release|Any CPU.Build.0 = Release|Any CPU
		{A2F761BD-835A-412C-946A-DCCB26630A05}.Debug|Any CPU.ActiveCfg = Debug|Any CPU
		{A2F761BD-835A-412C-946A-DCCB26630A05}.Debug|Any CPU.Build.0 = Debug|Any CPU
		{A2F761BD-835A-412C-946A-DCCB26630A05}.Release|Any CPU.ActiveCfg = Release|Any CPU
		{A2F761BD-835A-412C-946A-DCCB26630A05}.Release|Any CPU.Build.0 = Release|Any CPU
	EndGlobalSection
	GlobalSection(SolutionProperties) = preSolution
		HideSolutionNode = FALSE
	EndGlobalSection
	GlobalSection(ExtensibilityGlobals) = postSolution
		SolutionGuid = {1FA82798-40DA-47D9-9225-21907E6267EF}
	EndGlobalSection
EndGlobal
